
Microsoft Visual Studio Solution File, Format Version 12.00
Project("{FAE04EC0-301F-11D3-BF4B-00C04F79EFBC}") = "getters_setters", "getters_setters.csproj", "{4FB78D1C-0364-4C61-BDBF-78222E119ECE}"
EndProject
Global
	GlobalSection(SolutionConfigurationPlatforms) = preSolution
		Debug|Any CPU = Debug|Any CPU
		Release|Any CPU = Release|Any CPU
	EndGlobalSection
	GlobalSection(ProjectConfigurationPlatforms) = postSolution
		{4FB78D1C-0364-4C61-BDBF-78222E119ECE}.Debug|Any CPU.ActiveCfg = Debug|Any CPU
		{4FB78D1C-0364-4C61-BDBF-78222E119ECE}.Debug|Any CPU.Build.0 = Debug|Any CPU
		{4FB78D1C-0364-4C61-BDBF-78222E119ECE}.Release|Any CPU.ActiveCfg = Release|Any CPU
		{4FB78D1C-0364-4C61-BDBF-78222E119ECE}.Release|Any CPU.Build.0 = Release|Any CPU
	EndGlobalSection
EndGlobal
