
Microsoft Visual Studio Solution File, Format Version 12.00
Project("{FAE04EC0-301F-11D3-BF4B-00C04F79EFBC}") = "while_loop", "while_loop.csproj", "{3D636AA0-98AC-46BC-B2CC-39EB1E56595C}"
EndProject
Global
	GlobalSection(SolutionConfigurationPlatforms) = preSolution
		Debug|Any CPU = Debug|Any CPU
		Release|Any CPU = Release|Any CPU
	EndGlobalSection
	GlobalSection(ProjectConfigurationPlatforms) = postSolution
		{3D636AA0-98AC-46BC-B2CC-39EB1E56595C}.Debug|Any CPU.ActiveCfg = Debug|Any CPU
		{3D636AA0-98AC-46BC-B2CC-39EB1E56595C}.Debug|Any CPU.Build.0 = Debug|Any CPU
		{3D636AA0-98AC-46BC-B2CC-39EB1E56595C}.Release|Any CPU.ActiveCfg = Release|Any CPU
		{3D636AA0-98AC-46BC-B2CC-39EB1E56595C}.Release|Any CPU.Build.0 = Release|Any CPU
	EndGlobalSection
EndGlobal
