
Microsoft Visual Studio Solution File, Format Version 12.00
Project("{FAE04EC0-301F-11D3-BF4B-00C04F79EFBC}") = "method_overloading", "method_overloading.csproj", "{C391107B-149C-4B91-8410-FB07B8E47AC6}"
EndProject
Global
	GlobalSection(SolutionConfigurationPlatforms) = preSolution
		Debug|Any CPU = Debug|Any CPU
		Release|Any CPU = Release|Any CPU
	EndGlobalSection
	GlobalSection(ProjectConfigurationPlatforms) = postSolution
		{C391107B-149C-4B91-8410-FB07B8E47AC6}.Debug|Any CPU.ActiveCfg = Debug|Any CPU
		{C391107B-149C-4B91-8410-FB07B8E47AC6}.Debug|Any CPU.Build.0 = Debug|Any CPU
		{C391107B-149C-4B91-8410-FB07B8E47AC6}.Release|Any CPU.ActiveCfg = Release|Any CPU
		{C391107B-149C-4B91-8410-FB07B8E47AC6}.Release|Any CPU.Build.0 = Release|Any CPU
	EndGlobalSection
EndGlobal
