
Microsoft Visual Studio Solution File, Format Version 12.00
Project("{FAE04EC0-301F-11D3-BF4B-00C04F79EFBC}") = "nested_loops", "nested_loops.csproj", "{AC2E2554-1691-435C-99DE-C55192FAEB8F}"
EndProject
Global
	GlobalSection(SolutionConfigurationPlatforms) = preSolution
		Debug|Any CPU = Debug|Any CPU
		Release|Any CPU = Release|Any CPU
	EndGlobalSection
	GlobalSection(ProjectConfigurationPlatforms) = postSolution
		{AC2E2554-1691-435C-99DE-C55192FAEB8F}.Debug|Any CPU.ActiveCfg = Debug|Any CPU
		{AC2E2554-1691-435C-99DE-C55192FAEB8F}.Debug|Any CPU.Build.0 = Debug|Any CPU
		{AC2E2554-1691-435C-99DE-C55192FAEB8F}.Release|Any CPU.ActiveCfg = Release|Any CPU
		{AC2E2554-1691-435C-99DE-C55192FAEB8F}.Release|Any CPU.Build.0 = Release|Any CPU
	EndGlobalSection
EndGlobal
