
Microsoft Visual Studio Solution File, Format Version 12.00
Project("{FAE04EC0-301F-11D3-BF4B-00C04F79EFBC}") = "objects_list", "objects_list.csproj", "{80DBE433-5993-4E06-921A-7E5847C45E62}"
EndProject
Global
	GlobalSection(SolutionConfigurationPlatforms) = preSolution
		Debug|Any CPU = Debug|Any CPU
		Release|Any CPU = Release|Any CPU
	EndGlobalSection
	GlobalSection(ProjectConfigurationPlatforms) = postSolution
		{80DBE433-5993-4E06-921A-7E5847C45E62}.Debug|Any CPU.ActiveCfg = Debug|Any CPU
		{80DBE433-5993-4E06-921A-7E5847C45E62}.Debug|Any CPU.Build.0 = Debug|Any CPU
		{80DBE433-5993-4E06-921A-7E5847C45E62}.Release|Any CPU.ActiveCfg = Release|Any CPU
		{80DBE433-5993-4E06-921A-7E5847C45E62}.Release|Any CPU.Build.0 = Release|Any CPU
	EndGlobalSection
EndGlobal
